
Microsoft Visual Studio Solution File, Format Version 12.00
# Visual Studio 15
VisualStudioVersion = 15.0.27428.2015
MinimumVisualStudioVersion = 10.0.40219.1
Project("{FAE04EC0-301F-11D3-BF4B-00C04F79EFBC}") = "AlRashid.Android", "AlRashid\AlRashid.Android\AlRashid.Android.csproj", "{993752F7-A4D8-4654-943F-18BB41981600}"
EndProject
Project("{FAE04EC0-301F-11D3-BF4B-00C04F79EFBC}") = "AlRashid.iOS", "AlRashid\AlRashid.iOS\AlRashid.iOS.csproj", "{59254D57-D10F-4675-ADA4-4F9C66E9504C}"
EndProject
Project("{FAE04EC0-301F-11D3-BF4B-00C04F79EFBC}") = "AlRashid.UWP", "AlRashid\AlRashid.UWP\AlRashid.UWP.csproj", "{FB31CB10-9B43-457D-AF50-B1C00B27C703}"
EndProject
Project("{D954291E-2A0B-460D-934E-DC6B0785DB48}") = "AlRashid", "AlRashid\AlRashid\AlRashid.shproj", "{920FC76C-CFC0-41CE-8B23-30FCAACE265A}"
EndProject
Global
	GlobalSection(SharedMSBuildProjectFiles) = preSolution
		AlRashid\AlRashid\AlRashid.projitems*{59254d57-d10f-4675-ada4-4f9c66e9504c}*SharedItemsImports = 4
		AlRashid\AlRashid\AlRashid.projitems*{920fc76c-cfc0-41ce-8b23-30fcaace265a}*SharedItemsImports = 13
		AlRashid\AlRashid\AlRashid.projitems*{993752f7-a4d8-4654-943f-18bb41981600}*SharedItemsImports = 4
		AlRashid\AlRashid\AlRashid.projitems*{fb31cb10-9b43-457d-af50-b1c00b27c703}*SharedItemsImports = 4
	EndGlobalSection
	GlobalSection(SolutionConfigurationPlatforms) = preSolution
		Ad-Hoc|Any CPU = Ad-Hoc|Any CPU
		Ad-Hoc|ARM = Ad-Hoc|ARM
		Ad-Hoc|iPhone = Ad-Hoc|iPhone
		Ad-Hoc|iPhoneSimulator = Ad-Hoc|iPhoneSimulator
		Ad-Hoc|x64 = Ad-Hoc|x64
		Ad-Hoc|x86 = Ad-Hoc|x86
		AppStore|Any CPU = AppStore|Any CPU
		AppStore|ARM = AppStore|ARM
		AppStore|iPhone = AppStore|iPhone
		AppStore|iPhoneSimulator = AppStore|iPhoneSimulator
		AppStore|x64 = AppStore|x64
		AppStore|x86 = AppStore|x86
		Debug|Any CPU = Debug|Any CPU
		Debug|ARM = Debug|ARM
		Debug|iPhone = Debug|iPhone
		Debug|iPhoneSimulator = Debug|iPhoneSimulator
		Debug|x64 = Debug|x64
		Debug|x86 = Debug|x86
		Release|Any CPU = Release|Any CPU
		Release|ARM = Release|ARM
		Release|iPhone = Release|iPhone
		Release|iPhoneSimulator = Release|iPhoneSimulator
		Release|x64 = Release|x64
		Release|x86 = Release|x86
	EndGlobalSection
	GlobalSection(ProjectConfigurationPlatforms) = postSolution
		{993752F7-A4D8-4654-943F-18BB41981600}.Ad-Hoc|Any CPU.ActiveCfg = Release|Any CPU
		{993752F7-A4D8-4654-943F-18BB41981600}.Ad-Hoc|Any CPU.Build.0 = Release|Any CPU
		{993752F7-A4D8-4654-943F-18BB41981600}.Ad-Hoc|Any CPU.Deploy.0 = Release|Any CPU
		{993752F7-A4D8-4654-943F-18BB41981600}.Ad-Hoc|ARM.ActiveCfg = Release|Any CPU
		{993752F7-A4D8-4654-943F-18BB41981600}.Ad-Hoc|ARM.Build.0 = Release|Any CPU
		{993752F7-A4D8-4654-943F-18BB41981600}.Ad-Hoc|ARM.Deploy.0 = Release|Any CPU
		{993752F7-A4D8-4654-943F-18BB41981600}.Ad-Hoc|iPhone.ActiveCfg = Release|Any CPU
		{993752F7-A4D8-4654-943F-18BB41981600}.Ad-Hoc|iPhone.Build.0 = Release|Any CPU
		{993752F7-A4D8-4654-943F-18BB41981600}.Ad-Hoc|iPhone.Deploy.0 = Release|Any CPU
		{993752F7-A4D8-4654-943F-18BB41981600}.Ad-Hoc|iPhoneSimulator.ActiveCfg = Release|Any CPU
		{993752F7-A4D8-4654-943F-18BB41981600}.Ad-Hoc|iPhoneSimulator.Build.0 = Release|Any CPU
		{993752F7-A4D8-4654-943F-18BB41981600}.Ad-Hoc|iPhoneSimulator.Deploy.0 = Release|Any CPU
		{993752F7-A4D8-4654-943F-18BB41981600}.Ad-Hoc|x64.ActiveCfg = Release|Any CPU
		{993752F7-A4D8-4654-943F-18BB41981600}.Ad-Hoc|x64.Build.0 = Release|Any CPU
		{993752F7-A4D8-4654-943F-18BB41981600}.Ad-Hoc|x64.Deploy.0 = Release|Any CPU
		{993752F7-A4D8-4654-943F-18BB41981600}.Ad-Hoc|x86.ActiveCfg = Release|Any CPU
		{993752F7-A4D8-4654-943F-18BB41981600}.Ad-Hoc|x86.Build.0 = Release|Any CPU
		{993752F7-A4D8-4654-943F-18BB41981600}.Ad-Hoc|x86.Deploy.0 = Release|Any CPU
		{993752F7-A4D8-4654-943F-18BB41981600}.AppStore|Any CPU.ActiveCfg = Release|Any CPU
		{993752F7-A4D8-4654-943F-18BB41981600}.AppStore|Any CPU.Build.0 = Release|Any CPU
		{993752F7-A4D8-4654-943F-18BB41981600}.AppStore|Any CPU.Deploy.0 = Release|Any CPU
		{993752F7-A4D8-4654-943F-18BB41981600}.AppStore|ARM.ActiveCfg = Release|Any CPU
		{993752F7-A4D8-4654-943F-18BB41981600}.AppStore|ARM.Build.0 = Release|Any CPU
		{993752F7-A4D8-4654-943F-18BB41981600}.AppStore|ARM.Deploy.0 = Release|Any CPU
		{993752F7-A4D8-4654-943F-18BB41981600}.AppStore|iPhone.ActiveCfg = Release|Any CPU
		{993752F7-A4D8-4654-943F-18BB41981600}.AppStore|iPhone.Build.0 = Release|Any CPU
		{993752F7-A4D8-4654-943F-18BB41981600}.AppStore|iPhone.Deploy.0 = Release|Any CPU
		{993752F7-A4D8-4654-943F-18BB41981600}.AppStore|iPhoneSimulator.ActiveCfg = Release|Any CPU
		{993752F7-A4D8-4654-943F-18BB41981600}.AppStore|iPhoneSimulator.Build.0 = Release|Any CPU
		{993752F7-A4D8-4654-943F-18BB41981600}.AppStore|iPhoneSimulator.Deploy.0 = Release|Any CPU
		{993752F7-A4D8-4654-943F-18BB41981600}.AppStore|x64.ActiveCfg = Release|Any CPU
		{993752F7-A4D8-4654-943F-18BB41981600}.AppStore|x64.Build.0 = Release|Any CPU
		{993752F7-A4D8-4654-943F-18BB41981600}.AppStore|x64.Deploy.0 = Release|Any CPU
		{993752F7-A4D8-4654-943F-18BB41981600}.AppStore|x86.ActiveCfg = Release|Any CPU
		{993752F7-A4D8-4654-943F-18BB41981600}.AppStore|x86.Build.0 = Release|Any CPU
		{993752F7-A4D8-4654-943F-18BB41981600}.AppStore|x86.Deploy.0 = Release|Any CPU
		{993752F7-A4D8-4654-943F-18BB41981600}.Debug|Any CPU.ActiveCfg = Debug|x86
		{993752F7-A4D8-4654-943F-18BB41981600}.Debug|Any CPU.Build.0 = Debug|x86
		{993752F7-A4D8-4654-943F-18BB41981600}.Debug|Any CPU.Deploy.0 = Debug|x86
		{993752F7-A4D8-4654-943F-18BB41981600}.Debug|ARM.ActiveCfg = Debug|Any CPU
		{993752F7-A4D8-4654-943F-18BB41981600}.Debug|ARM.Build.0 = Debug|Any CPU
		{993752F7-A4D8-4654-943F-18BB41981600}.Debug|ARM.Deploy.0 = Debug|Any CPU
		{993752F7-A4D8-4654-943F-18BB41981600}.Debug|iPhone.ActiveCfg = Debug|Any CPU
		{993752F7-A4D8-4654-943F-18BB41981600}.Debug|iPhone.Build.0 = Debug|Any CPU
		{993752F7-A4D8-4654-943F-18BB41981600}.Debug|iPhone.Deploy.0 = Debug|Any CPU
		{993752F7-A4D8-4654-943F-18BB41981600}.Debug|iPhoneSimulator.ActiveCfg = Debug|Any CPU
		{993752F7-A4D8-4654-943F-18BB41981600}.Debug|iPhoneSimulator.Build.0 = Debug|Any CPU
		{993752F7-A4D8-4654-943F-18BB41981600}.Debug|iPhoneSimulator.Deploy.0 = Debug|Any CPU
		{993752F7-A4D8-4654-943F-18BB41981600}.Debug|x64.ActiveCfg = Debug|Any CPU
		{993752F7-A4D8-4654-943F-18BB41981600}.Debug|x64.Build.0 = Debug|Any CPU
		{993752F7-A4D8-4654-943F-18BB41981600}.Debug|x64.Deploy.0 = Debug|Any CPU
		{993752F7-A4D8-4654-943F-18BB41981600}.Debug|x86.ActiveCfg = Debug|x86
		{993752F7-A4D8-4654-943F-18BB41981600}.Debug|x86.Build.0 = Debug|x86
		{993752F7-A4D8-4654-943F-18BB41981600}.Debug|x86.Deploy.0 = Debug|x86
		{993752F7-A4D8-4654-943F-18BB41981600}.Release|Any CPU.ActiveCfg = Release|Any CPU
		{993752F7-A4D8-4654-943F-18BB41981600}.Release|Any CPU.Build.0 = Release|Any CPU
		{993752F7-A4D8-4654-943F-18BB41981600}.Release|Any CPU.Deploy.0 = Release|Any CPU
		{993752F7-A4D8-4654-943F-18BB41981600}.Release|ARM.ActiveCfg = Release|Any CPU
		{993752F7-A4D8-4654-943F-18BB41981600}.Release|ARM.Build.0 = Release|Any CPU
		{993752F7-A4D8-4654-943F-18BB41981600}.Release|ARM.Deploy.0 = Release|Any CPU
		{993752F7-A4D8-4654-943F-18BB41981600}.Release|iPhone.ActiveCfg = Release|Any CPU
		{993752F7-A4D8-4654-943F-18BB41981600}.Release|iPhone.Build.0 = Release|Any CPU
		{993752F7-A4D8-4654-943F-18BB41981600}.Release|iPhone.Deploy.0 = Release|Any CPU
		{993752F7-A4D8-4654-943F-18BB41981600}.Release|iPhoneSimulator.ActiveCfg = Release|Any CPU
		{993752F7-A4D8-4654-943F-18BB41981600}.Release|iPhoneSimulator.Build.0 = Release|Any CPU
		{993752F7-A4D8-4654-943F-18BB41981600}.Release|iPhoneSimulator.Deploy.0 = Release|Any CPU
		{993752F7-A4D8-4654-943F-18BB41981600}.Release|x64.ActiveCfg = Release|Any CPU
		{993752F7-A4D8-4654-943F-18BB41981600}.Release|x64.Build.0 = Release|Any CPU
		{993752F7-A4D8-4654-943F-18BB41981600}.Release|x64.Deploy.0 = Release|Any CPU
		{993752F7-A4D8-4654-943F-18BB41981600}.Release|x86.ActiveCfg = Release|x86
		{993752F7-A4D8-4654-943F-18BB41981600}.Release|x86.Build.0 = Release|x86
		{993752F7-A4D8-4654-943F-18BB41981600}.Release|x86.Deploy.0 = Release|x86
		{59254D57-D10F-4675-ADA4-4F9C66E9504C}.Ad-Hoc|Any CPU.ActiveCfg = Ad-Hoc|iPhone
		{59254D57-D10F-4675-ADA4-4F9C66E9504C}.Ad-Hoc|ARM.ActiveCfg = Ad-Hoc|iPhone
		{59254D57-D10F-4675-ADA4-4F9C66E9504C}.Ad-Hoc|iPhone.ActiveCfg = Ad-Hoc|iPhone
		{59254D57-D10F-4675-ADA4-4F9C66E9504C}.Ad-Hoc|iPhone.Build.0 = Ad-Hoc|iPhone
		{59254D57-D10F-4675-ADA4-4F9C66E9504C}.Ad-Hoc|iPhoneSimulator.ActiveCfg = Ad-Hoc|iPhoneSimulator
		{59254D57-D10F-4675-ADA4-4F9C66E9504C}.Ad-Hoc|iPhoneSimulator.Build.0 = Ad-Hoc|iPhoneSimulator
		{59254D57-D10F-4675-ADA4-4F9C66E9504C}.Ad-Hoc|x64.ActiveCfg = Ad-Hoc|iPhone
		{59254D57-D10F-4675-ADA4-4F9C66E9504C}.Ad-Hoc|x86.ActiveCfg = Ad-Hoc|iPhone
		{59254D57-D10F-4675-ADA4-4F9C66E9504C}.AppStore|Any CPU.ActiveCfg = AppStore|iPhone
		{59254D57-D10F-4675-ADA4-4F9C66E9504C}.AppStore|ARM.ActiveCfg = AppStore|iPhone
		{59254D57-D10F-4675-ADA4-4F9C66E9504C}.AppStore|iPhone.ActiveCfg = AppStore|iPhone
		{59254D57-D10F-4675-ADA4-4F9C66E9504C}.AppStore|iPhone.Build.0 = AppStore|iPhone
		{59254D57-D10F-4675-ADA4-4F9C66E9504C}.AppStore|iPhoneSimulator.ActiveCfg = AppStore|iPhoneSimulator
		{59254D57-D10F-4675-ADA4-4F9C66E9504C}.AppStore|iPhoneSimulator.Build.0 = AppStore|iPhoneSimulator
		{59254D57-D10F-4675-ADA4-4F9C66E9504C}.AppStore|x64.ActiveCfg = AppStore|iPhone
		{59254D57-D10F-4675-ADA4-4F9C66E9504C}.AppStore|x86.ActiveCfg = AppStore|iPhone
		{59254D57-D10F-4675-ADA4-4F9C66E9504C}.Debug|Any CPU.ActiveCfg = Debug|iPhone
		{59254D57-D10F-4675-ADA4-4F9C66E9504C}.Debug|Any CPU.Build.0 = Debug|iPhone
		{59254D57-D10F-4675-ADA4-4F9C66E9504C}.Debug|ARM.ActiveCfg = Debug|iPhone
		{59254D57-D10F-4675-ADA4-4F9C66E9504C}.Debug|iPhone.ActiveCfg = Debug|iPhone
		{59254D57-D10F-4675-ADA4-4F9C66E9504C}.Debug|iPhone.Build.0 = Debug|iPhone
		{59254D57-D10F-4675-ADA4-4F9C66E9504C}.Debug|iPhoneSimulator.ActiveCfg = Debug|iPhoneSimulator
		{59254D57-D10F-4675-ADA4-4F9C66E9504C}.Debug|iPhoneSimulator.Build.0 = Debug|iPhoneSimulator
		{59254D57-D10F-4675-ADA4-4F9C66E9504C}.Debug|x64.ActiveCfg = Debug|iPhone
		{59254D57-D10F-4675-ADA4-4F9C66E9504C}.Debug|x86.ActiveCfg = Debug|iPhone
		{59254D57-D10F-4675-ADA4-4F9C66E9504C}.Debug|x86.Build.0 = Debug|iPhone
		{59254D57-D10F-4675-ADA4-4F9C66E9504C}.Release|Any CPU.ActiveCfg = Release|iPhone
		{59254D57-D10F-4675-ADA4-4F9C66E9504C}.Release|ARM.ActiveCfg = Release|iPhone
		{59254D57-D10F-4675-ADA4-4F9C66E9504C}.Release|iPhone.ActiveCfg = Release|iPhone
		{59254D57-D10F-4675-ADA4-4F9C66E9504C}.Release|iPhone.Build.0 = Release|iPhone
		{59254D57-D10F-4675-ADA4-4F9C66E9504C}.Release|iPhoneSimulator.ActiveCfg = Release|iPhoneSimulator
		{59254D57-D10F-4675-ADA4-4F9C66E9504C}.Release|iPhoneSimulator.Build.0 = Release|iPhoneSimulator
		{59254D57-D10F-4675-ADA4-4F9C66E9504C}.Release|x64.ActiveCfg = Release|iPhone
		{59254D57-D10F-4675-ADA4-4F9C66E9504C}.Release|x86.ActiveCfg = Release|iPhone
		{FB31CB10-9B43-457D-AF50-B1C00B27C703}.Ad-Hoc|Any CPU.ActiveCfg = Release|x86
		{FB31CB10-9B43-457D-AF50-B1C00B27C703}.Ad-Hoc|Any CPU.Build.0 = Release|x86
		{FB31CB10-9B43-457D-AF50-B1C00B27C703}.Ad-Hoc|Any CPU.Deploy.0 = Release|x86
		{FB31CB10-9B43-457D-AF50-B1C00B27C703}.Ad-Hoc|ARM.ActiveCfg = Release|ARM
		{FB31CB10-9B43-457D-AF50-B1C00B27C703}.Ad-Hoc|ARM.Build.0 = Release|ARM
		{FB31CB10-9B43-457D-AF50-B1C00B27C703}.Ad-Hoc|ARM.Deploy.0 = Release|ARM
		{FB31CB10-9B43-457D-AF50-B1C00B27C703}.Ad-Hoc|iPhone.ActiveCfg = Release|x86
		{FB31CB10-9B43-457D-AF50-B1C00B27C703}.Ad-Hoc|iPhone.Build.0 = Release|x86
		{FB31CB10-9B43-457D-AF50-B1C00B27C703}.Ad-Hoc|iPhone.Deploy.0 = Release|x86
		{FB31CB10-9B43-457D-AF50-B1C00B27C703}.Ad-Hoc|iPhoneSimulator.ActiveCfg = Release|x86
		{FB31CB10-9B43-457D-AF50-B1C00B27C703}.Ad-Hoc|iPhoneSimulator.Build.0 = Release|x86
		{FB31CB10-9B43-457D-AF50-B1C00B27C703}.Ad-Hoc|iPhoneSimulator.Deploy.0 = Release|x86
		{FB31CB10-9B43-457D-AF50-B1C00B27C703}.Ad-Hoc|x64.ActiveCfg = Release|x64
		{FB31CB10-9B43-457D-AF50-B1C00B27C703}.Ad-Hoc|x64.Build.0 = Release|x64
		{FB31CB10-9B43-457D-AF50-B1C00B27C703}.Ad-Hoc|x64.Deploy.0 = Release|x64
		{FB31CB10-9B43-457D-AF50-B1C00B27C703}.Ad-Hoc|x86.ActiveCfg = Release|x86
		{FB31CB10-9B43-457D-AF50-B1C00B27C703}.Ad-Hoc|x86.Build.0 = Release|x86
		{FB31CB10-9B43-457D-AF50-B1C00B27C703}.Ad-Hoc|x86.Deploy.0 = Release|x86
		{FB31CB10-9B43-457D-AF50-B1C00B27C703}.AppStore|Any CPU.ActiveCfg = Release|x86
		{FB31CB10-9B43-457D-AF50-B1C00B27C703}.AppStore|Any CPU.Build.0 = Release|x86
		{FB31CB10-9B43-457D-AF50-B1C00B27C703}.AppStore|Any CPU.Deploy.0 = Release|x86
		{FB31CB10-9B43-457D-AF50-B1C00B27C703}.AppStore|ARM.ActiveCfg = Release|ARM
		{FB31CB10-9B43-457D-AF50-B1C00B27C703}.AppStore|ARM.Build.0 = Release|ARM
		{FB31CB10-9B43-457D-AF50-B1C00B27C703}.AppStore|ARM.Deploy.0 = Release|ARM
		{FB31CB10-9B43-457D-AF50-B1C00B27C703}.AppStore|iPhone.ActiveCfg = Release|x86
		{FB31CB10-9B43-457D-AF50-B1C00B27C703}.AppStore|iPhone.Build.0 = Release|x86
		{FB31CB10-9B43-457D-AF50-B1C00B27C703}.AppStore|iPhone.Deploy.0 = Release|x86
		{FB31CB10-9B43-457D-AF50-B1C00B27C703}.AppStore|iPhoneSimulator.ActiveCfg = Release|x86
		{FB31CB10-9B43-457D-AF50-B1C00B27C703}.AppStore|iPhoneSimulator.Build.0 = Release|x86
		{FB31CB10-9B43-457D-AF50-B1C00B27C703}.AppStore|iPhoneSimulator.Deploy.0 = Release|x86
		{FB31CB10-9B43-457D-AF50-B1C00B27C703}.AppStore|x64.ActiveCfg = Release|x64
		{FB31CB10-9B43-457D-AF50-B1C00B27C703}.AppStore|x64.Build.0 = Release|x64
		{FB31CB10-9B43-457D-AF50-B1C00B27C703}.AppStore|x64.Deploy.0 = Release|x64
		{FB31CB10-9B43-457D-AF50-B1C00B27C703}.AppStore|x86.ActiveCfg = Release|x86
		{FB31CB10-9B43-457D-AF50-B1C00B27C703}.AppStore|x86.Build.0 = Release|x86
		{FB31CB10-9B43-457D-AF50-B1C00B27C703}.AppStore|x86.Deploy.0 = Release|x86
		{FB31CB10-9B43-457D-AF50-B1C00B27C703}.Debug|Any CPU.ActiveCfg = Debug|x86
		{FB31CB10-9B43-457D-AF50-B1C00B27C703}.Debug|ARM.ActiveCfg = Debug|ARM
		{FB31CB10-9B43-457D-AF50-B1C00B27C703}.Debug|ARM.Build.0 = Debug|ARM
		{FB31CB10-9B43-457D-AF50-B1C00B27C703}.Debug|ARM.Deploy.0 = Debug|ARM
		{FB31CB10-9B43-457D-AF50-B1C00B27C703}.Debug|iPhone.ActiveCfg = Debug|x86
		{FB31CB10-9B43-457D-AF50-B1C00B27C703}.Debug|iPhoneSimulator.ActiveCfg = Debug|x86
		{FB31CB10-9B43-457D-AF50-B1C00B27C703}.Debug|x64.ActiveCfg = Debug|x64
		{FB31CB10-9B43-457D-AF50-B1C00B27C703}.Debug|x64.Build.0 = Debug|x64
		{FB31CB10-9B43-457D-AF50-B1C00B27C703}.Debug|x64.Deploy.0 = Debug|x64
		{FB31CB10-9B43-457D-AF50-B1C00B27C703}.Debug|x86.ActiveCfg = Debug|x86
		{FB31CB10-9B43-457D-AF50-B1C00B27C703}.Debug|x86.Build.0 = Debug|x86
		{FB31CB10-9B43-457D-AF50-B1C00B27C703}.Debug|x86.Deploy.0 = Debug|x86
		{FB31CB10-9B43-457D-AF50-B1C00B27C703}.Release|Any CPU.ActiveCfg = Release|x86
		{FB31CB10-9B43-457D-AF50-B1C00B27C703}.Release|ARM.ActiveCfg = Release|ARM
		{FB31CB10-9B43-457D-AF50-B1C00B27C703}.Release|ARM.Build.0 = Release|ARM
		{FB31CB10-9B43-457D-AF50-B1C00B27C703}.Release|ARM.Deploy.0 = Release|ARM
		{FB31CB10-9B43-457D-AF50-B1C00B27C703}.Release|iPhone.ActiveCfg = Release|x86
		{FB31CB10-9B43-457D-AF50-B1C00B27C703}.Release|iPhoneSimulator.ActiveCfg = Release|x86
		{FB31CB10-9B43-457D-AF50-B1C00B27C703}.Release|x64.ActiveCfg = Release|x64
		{FB31CB10-9B43-457D-AF50-B1C00B27C703}.Release|x64.Build.0 = Release|x64
		{FB31CB10-9B43-457D-AF50-B1C00B27C703}.Release|x64.Deploy.0 = Release|x64
		{FB31CB10-9B43-457D-AF50-B1C00B27C703}.Release|x86.ActiveCfg = Release|x86
	EndGlobalSection
	GlobalSection(SolutionProperties) = preSolution
		HideSolutionNode = FALSE
	EndGlobalSection
	GlobalSection(ExtensibilityGlobals) = postSolution
		SolutionGuid = {E9F0FF56-512D-4A68-B91C-FE0B3B78C9C2}
	EndGlobalSection
EndGlobal
